
Microsoft Visual Studio Solution File, Format Version 12.00
# Visual Studio Version 17
VisualStudioVersion = 17.10.35122.118
MinimumVisualStudioVersion = 10.0.40219.1
Project("{9A19103F-16F7-4668-BE54-9A1E7A4F7556}") = "nameshield-caplugin", "nameshield-caplugin\nameshield-caplugin.csproj", "{85906BEA-E3E6-413A-9E2C-6B9202449EC2}"
EndProject
Project("{2150E333-8FDC-42A3-9474-1A3956D46DE8}") = "Solution Items", "Solution Items", "{52DF2AE5-9590-42CF-A2A3-544214DE4809}"
	ProjectSection(SolutionItems) = preProject
		CHANGELOG.md = CHANGELOG.md
		docsource\configuration.md = docsource\configuration.md
		integration-manifest.json = integration-manifest.json
	EndProjectSection
EndProject
Project("{9A19103F-16F7-4668-BE54-9A1E7A4F7556}") = "nameshield-testbed", "nameshield-testbed\nameshield-testbed.csproj", "{6A22BA99-5C36-4CFE-B807-64CD27652F3C}"
EndProject
Global
	GlobalSection(SolutionConfigurationPlatforms) = preSolution
		Debug|Any CPU = Debug|Any CPU
		Release|Any CPU = Release|Any CPU
	EndGlobalSection
	GlobalSection(ProjectConfigurationPlatforms) = postSolution
		{85906BEA-E3E6-413A-9E2C-6B9202449EC2}.Debug|Any CPU.ActiveCfg = Debug|Any CPU
		{85906BEA-E3E6-413A-9E2C-6B9202449EC2}.Debug|Any CPU.Build.0 = Debug|Any CPU
		{85906BEA-E3E6-413A-9E2C-6B9202449EC2}.Release|Any CPU.ActiveCfg = Release|Any CPU
		{85906BEA-E3E6-413A-9E2C-6B9202449EC2}.Release|Any CPU.Build.0 = Release|Any CPU
		{6A22BA99-5C36-4CFE-B807-64CD27652F3C}.Debug|Any CPU.ActiveCfg = Debug|Any CPU
		{6A22BA99-5C36-4CFE-B807-64CD27652F3C}.Debug|Any CPU.Build.0 = Debug|Any CPU
		{6A22BA99-5C36-4CFE-B807-64CD27652F3C}.Release|Any CPU.ActiveCfg = Release|Any CPU
		{6A22BA99-5C36-4CFE-B807-64CD27652F3C}.Release|Any CPU.Build.0 = Release|Any CPU
	EndGlobalSection
	GlobalSection(SolutionProperties) = preSolution
		HideSolutionNode = FALSE
	EndGlobalSection
	GlobalSection(ExtensibilityGlobals) = postSolution
		SolutionGuid = {D518CD1D-A6DB-410D-9212-491C09E7AE0E}
	EndGlobalSection
EndGlobal
